// !$*UTF8*$!
{
	archiveVersion = 1;
	classes = {
	};
	objectVersion = 50;
	objects = {

/* Begin PBXBuildFile section */
		BB7415852578CD62000FD3EF /* AppDelegate.swift in Sources */ = {isa = PBXBuildFile; fileRef = BB7415842578CD62000FD3EF /* AppDelegate.swift */; };
		BB7415872578CD62000FD3EF /* SceneDelegate.swift in Sources */ = {isa = PBXBuildFile; fileRef = BB7415862578CD62000FD3EF /* SceneDelegate.swift */; };
		BB7415892578CD62000FD3EF /* ContentView.swift in Sources */ = {isa = PBXBuildFile; fileRef = BB7415882578CD62000FD3EF /* ContentView.swift */; };
		BB74158B2578CD64000FD3EF /* Assets.xcassets in Resources */ = {isa = PBXBuildFile; fileRef = BB74158A2578CD64000FD3EF /* Assets.xcassets */; };
		BB74158E2578CD64000FD3EF /* Preview Assets.xcassets in Resources */ = {isa = PBXBuildFile; fileRef = BB74158D2578CD64000FD3EF /* Preview Assets.xcassets */; };
		BB7415912578CD64000FD3EF /* LaunchScreen.storyboard in Resources */ = {isa = PBXBuildFile; fileRef = BB74158F2578CD64000FD3EF /* LaunchScreen.storyboard */; };
		BB74159B2578D30D000FD3EF /* NetworkManager.swift in Sources */ = {isa = PBXBuildFile; fileRef = BB74159A2578D30D000FD3EF /* NetworkManager.swift */; };
		BB74159F2578D462000FD3EF /* PostData.swift in Sources */ = {isa = PBXBuildFile; fileRef = BB74159E2578D462000FD3EF /* PostData.swift */; };
		BB7415A32578EDF5000FD3EF /* DetailView.swift in Sources */ = {isa = PBXBuildFile; fileRef = BB7415A22578EDF5000FD3EF /* DetailView.swift */; };
		BB7415A625790FA9000FD3EF /* WebView.swift in Sources */ = {isa = PBXBuildFile; fileRef = BB7415A525790FA9000FD3EF /* WebView.swift */; };
/* End PBXBuildFile section */

/* Begin PBXFileReference section */
		BB7415812578CD62000FD3EF /* HackerNews.app */ = {isa = PBXFileReference; explicitFileType = wrapper.application; includeInIndex = 0; path = HackerNews.app; sourceTree = BUILT_PRODUCTS_DIR; };
		BB7415842578CD62000FD3EF /* AppDelegate.swift */ = {isa = PBXFileReference; lastKnownFileType = sourcecode.swift; path = AppDelegate.swift; sourceTree = "<group>"; };
		BB7415862578CD62000FD3EF /* SceneDelegate.swift */ = {isa = PBXFileReference; lastKnownFileType = sourcecode.swift; path = SceneDelegate.swift; sourceTree = "<group>"; };
		BB7415882578CD62000FD3EF /* ContentView.swift */ = {isa = PBXFileReference; lastKnownFileType = sourcecode.swift; path = ContentView.swift; sourceTree = "<group>"; };
		BB74158A2578CD64000FD3EF /* Assets.xcassets */ = {isa = PBXFileReference; lastKnownFileType = folder.assetcatalog; path = Assets.xcassets; sourceTree = "<group>"; };
		BB74158D2578CD64000FD3EF /* Preview Assets.xcassets */ = {isa = PBXFileReference; lastKnownFileType = folder.assetcatalog; path = "Preview Assets.xcassets"; sourceTree = "<group>"; };
		BB7415902578CD64000FD3EF /* Base */ = {isa = PBXFileReference; lastKnownFileType = file.storyboard; name = Base; path = Base.lproj/LaunchScreen.storyboard; sourceTree = "<group>"; };
		BB7415922578CD64000FD3EF /* Info.plist */ = {isa = PBXFileReference; lastKnownFileType = text.plist.xml; path = Info.plist; sourceTree = "<group>"; };
		BB74159A2578D30D000FD3EF /* NetworkManager.swift */ = {isa = PBXFileReference; lastKnownFileType = sourcecode.swift; path = NetworkManager.swift; sourceTree = "<group>"; };
		BB74159E2578D462000FD3EF /* PostData.swift */ = {isa = PBXFileReference; lastKnownFileType = sourcecode.swift; path = PostData.swift; sourceTree = "<group>"; };
		BB7415A22578EDF5000FD3EF /* DetailView.swift */ = {isa = PBXFileReference; lastKnownFileType = sourcecode.swift; path = DetailView.swift; sourceTree = "<group>"; };
		BB7415A525790FA9000FD3EF /* WebView.swift */ = {isa = PBXFileReference; lastKnownFileType = sourcecode.swift; path = WebView.swift; sourceTree = "<group>"; };
		BB7415A92579176F000FD3EF /* HackerNews.entitlements */ = {isa = PBXFileReference; lastKnownFileType = text.plist.entitlements; path = HackerNews.entitlements; sourceTree = "<group>"; };
/* End PBXFileReference section */

/* Begin PBXFrameworksBuildPhase section */
		BB74157E2578CD62000FD3EF /* Frameworks */ = {
			isa = PBXFrameworksBuildPhase;
			buildActionMask = 2147483647;
			files = (
			);
			runOnlyForDeploymentPostprocessing = 0;
		};
/* End PBXFrameworksBuildPhase section */

/* Begin PBXGroup section */
		BB7415782578CD62000FD3EF = {
			isa = PBXGroup;
			children = (
				BB7415832578CD62000FD3EF /* HackerNews */,
				BB7415822578CD62000FD3EF /* Products */,
			);
			sourceTree = "<group>";
		};
		BB7415822578CD62000FD3EF /* Products */ = {
			isa = PBXGroup;
			children = (
				BB7415812578CD62000FD3EF /* HackerNews.app */,
			);
			name = Products;
			sourceTree = "<group>";
		};
		BB7415832578CD62000FD3EF /* HackerNews */ = {
			isa = PBXGroup;
			children = (
				BB7415A92579176F000FD3EF /* HackerNews.entitlements */,
				BB7415A12578EDD0000FD3EF /* Views */,
				BB7415992578D2F5000FD3EF /* Models */,
				BB7415842578CD62000FD3EF /* AppDelegate.swift */,
				BB7415862578CD62000FD3EF /* SceneDelegate.swift */,
				BB74158A2578CD64000FD3EF /* Assets.xcassets */,
				BB74158F2578CD64000FD3EF /* LaunchScreen.storyboard */,
				BB7415922578CD64000FD3EF /* Info.plist */,
				BB74158C2578CD64000FD3EF /* Preview Content */,
			);
			path = HackerNews;
			sourceTree = "<group>";
		};
		BB74158C2578CD64000FD3EF /* Preview Content */ = {
			isa = PBXGroup;
			children = (
				BB74158D2578CD64000FD3EF /* Preview Assets.xcassets */,
			);
			path = "Preview Content";
			sourceTree = "<group>";
		};
		BB7415992578D2F5000FD3EF /* Models */ = {
			isa = PBXGroup;
			children = (
				BB74159A2578D30D000FD3EF /* NetworkManager.swift */,
				BB74159E2578D462000FD3EF /* PostData.swift */,
			);
			path = Models;
			sourceTree = "<group>";
		};
		BB7415A12578EDD0000FD3EF /* Views */ = {
			isa = PBXGroup;
			children = (
				BB7415882578CD62000FD3EF /* ContentView.swift */,
				BB7415A22578EDF5000FD3EF /* DetailView.swift */,
				BB7415A525790FA9000FD3EF /* WebView.swift */,
			);
			path = Views;
			sourceTree = "<group>";
		};
/* End PBXGroup section */

/* Begin PBXNativeTarget section */
		BB7415802578CD62000FD3EF /* HackerNews */ = {
			isa = PBXNativeTarget;
			buildConfigurationList = BB7415952578CD64000FD3EF /* Build configuration list for PBXNativeTarget "HackerNews" */;
			buildPhases = (
				BB74157D2578CD62000FD3EF /* Sources */,
				BB74157E2578CD62000FD3EF /* Frameworks */,
				BB74157F2578CD62000FD3EF /* Resources */,
			);
			buildRules = (
			);
			dependencies = (
			);
			name = HackerNews;
			productName = HackerNews;
			productReference = BB7415812578CD62000FD3EF /* HackerNews.app */;
			productType = "com.apple.product-type.application";
		};
/* End PBXNativeTarget section */

/* Begin PBXProject section */
		BB7415792578CD62000FD3EF /* Project object */ = {
			isa = PBXProject;
			attributes = {
				LastSwiftUpdateCheck = 1220;
				LastUpgradeCheck = 1220;
				TargetAttributes = {
					BB7415802578CD62000FD3EF = {
						CreatedOnToolsVersion = 12.2;
					};
				};
			};
			buildConfigurationList = BB74157C2578CD62000FD3EF /* Build configuration list for PBXProject "HackerNews" */;
			compatibilityVersion = "Xcode 9.3";
			developmentRegion = en;
			hasScannedForEncodings = 0;
			knownRegions = (
				en,
				Base,
			);
			mainGroup = BB7415782578CD62000FD3EF;
			productRefGroup = BB7415822578CD62000FD3EF /* Products */;
			projectDirPath = "";
			projectRoot = "";
			targets = (
				BB7415802578CD62000FD3EF /* HackerNews */,
			);
		};
/* End PBXProject section */

/* Begin PBXResourcesBuildPhase section */
		BB74157F2578CD62000FD3EF /* Resources */ = {
			isa = PBXResourcesBuildPhase;
			buildActionMask = 2147483647;
			files = (
				BB7415912578CD64000FD3EF /* LaunchScreen.storyboard in Resources */,
				BB74158E2578CD64000FD3EF /* Preview Assets.xcassets in Resources */,
				BB74158B2578CD64000FD3EF /* Assets.xcassets in Resources */,
			);
			runOnlyForDeploymentPostprocessing = 0;
		};
/* End PBXResourcesBuildPhase section */

/* Begin PBXSourcesBuildPhase section */
		BB74157D2578CD62000FD3EF /* Sources */ = {
			isa = PBXSourcesBuildPhase;
			buildActionMask = 2147483647;
			files = (
				BB74159F2578D462000FD3EF /* PostData.swift in Sources */,
				BB7415A32578EDF5000FD3EF /* DetailView.swift in Sources */,
				BB74159B2578D30D000FD3EF /* NetworkManager.swift in Sources */,
				BB7415852578CD62000FD3EF /* AppDelegate.swift in Sources */,
				BB7415872578CD62000FD3EF /* SceneDelegate.swift in Sources */,
				BB7415892578CD62000FD3EF /* ContentView.swift in Sources */,
				BB7415A625790FA9000FD3EF /* WebView.swift in Sources */,
			);
			runOnlyForDeploymentPostprocessing = 0;
		};
/* End PBXSourcesBuildPhase section */

/* Begin PBXVariantGroup section */
		BB74158F2578CD64000FD3EF /* LaunchScreen.storyboard */ = {
			isa = PBXVariantGroup;
			children = (
				BB7415902578CD64000FD3EF /* Base */,
			);
			name = LaunchScreen.storyboard;
			sourceTree = "<group>";
		};
/* End PBXVariantGroup section */

/* Begin XCBuildConfiguration section */
		BB7415932578CD64000FD3EF /* Debug */ = {
			isa = XCBuildConfiguration;
			buildSettings = {
				ALWAYS_SEARCH_USER_PATHS = NO;
				CLANG_ANALYZER_NONNULL = YES;
				CLANG_ANALYZER_NUMBER_OBJECT_CONVERSION = YES_AGGRESSIVE;
				CLANG_CXX_LANGUAGE_STANDARD = "gnu++14";
				CLANG_CXX_LIBRARY = "libc++";
				CLANG_ENABLE_MODULES = YES;
				CLANG_ENABLE_OBJC_ARC = YES;
				CLANG_ENABLE_OBJC_WEAK = YES;
				CLANG_WARN_BLOCK_CAPTURE_AUTORELEASING = YES;
				CLANG_WARN_BOOL_CONVERSION = YES;
				CLANG_WARN_COMMA = YES;
				CLANG_WARN_CONSTANT_CONVERSION = YES;
				CLANG_WARN_DEPRECATED_OBJC_IMPLEMENTATIONS = YES;
				CLANG_WARN_DIRECT_OBJC_ISA_USAGE = YES_ERROR;
				CLANG_WARN_DOCUMENTATION_COMMENTS = YES;
				CLANG_WARN_EMPTY_BODY = YES;
				CLANG_WARN_ENUM_CONVERSION = YES;
				CLANG_WARN_INFINITE_RECURSION = YES;
				CLANG_WARN_INT_CONVERSION = YES;
				CLANG_WARN_NON_LITERAL_NULL_CONVERSION = YES;
				CLANG_WARN_OBJC_IMPLICIT_RETAIN_SELF = YES;
				CLANG_WARN_OBJC_LITERAL_CONVERSION = YES;
				CLANG_WARN_OBJC_ROOT_CLASS = YES_ERROR;
				CLANG_WARN_QUOTED_INCLUDE_IN_FRAMEWORK_HEADER = YES;
				CLANG_WARN_RANGE_LOOP_ANALYSIS = YES;
				CLANG_WARN_STRICT_PROTOTYPES = YES;
				CLANG_WARN_SUSPICIOUS_MOVE = YES;
				CLANG_WARN_UNGUARDED_AVAILABILITY = YES_AGGRESSIVE;
				CLANG_WARN_UNREACHABLE_CODE = YES;
				CLANG_WARN__DUPLICATE_METHOD_MATCH = YES;
				COPY_PHASE_STRIP = NO;
				DEBUG_INFORMATION_FORMAT = dwarf;
				ENABLE_STRICT_OBJC_MSGSEND = YES;
				ENABLE_TESTABILITY = YES;
				GCC_C_LANGUAGE_STANDARD = gnu11;
				GCC_DYNAMIC_NO_PIC = NO;
				GCC_NO_COMMON_BLOCKS = YES;
				GCC_OPTIMIZATION_LEVEL = 0;
				GCC_PREPROCESSOR_DEFINITIONS = (
					"DEBUG=1",
					"$(inherited)",
				);
				GCC_WARN_64_TO_32_BIT_CONVERSION = YES;
				GCC_WARN_ABOUT_RETURN_TYPE = YES_ERROR;
				GCC_WARN_UNDECLARED_SELECTOR = YES;
				GCC_WARN_UNINITIALIZED_AUTOS = YES_AGGRESSIVE;
				GCC_WARN_UNUSED_FUNCTION = YES;
				GCC_WARN_UNUSED_VARIABLE = YES;
				IPHONEOS_DEPLOYMENT_TARGET = 14.2;
				MTL_ENABLE_DEBUG_INFO = INCLUDE_SOURCE;
				MTL_FAST_MATH = YES;
				ONLY_ACTIVE_ARCH = YES;
				SDKROOT = iphoneos;
				SWIFT_ACTIVE_COMPILATION_CONDITIONS = DEBUG;
				SWIFT_OPTIMIZATION_LEVEL = "-Onone";
			};
			name = Debug;
		};
		BB7415942578CD64000FD3EF /* Release */ = {
			isa = XCBuildConfiguration;
			buildSettings = {
				ALWAYS_SEARCH_USER_PATHS = NO;
				CLANG_ANALYZER_NONNULL = YES;
				CLANG_ANALYZER_NUMBER_OBJECT_CONVERSION = YES_AGGRESSIVE;
				CLANG_CXX_LANGUAGE_STANDARD = "gnu++14";
				CLANG_CXX_LIBRARY = "libc++";
				CLANG_ENABLE_MODULES = YES;
				CLANG_ENABLE_OBJC_ARC = YES;
				CLANG_ENABLE_OBJC_WEAK = YES;
				CLANG_WARN_BLOCK_CAPTURE_AUTORELEASING = YES;
				CLANG_WARN_BOOL_CONVERSION = YES;
				CLANG_WARN_COMMA = YES;
				CLANG_WARN_CONSTANT_CONVERSION = YES;
				CLANG_WARN_DEPRECATED_OBJC_IMPLEMENTATIONS = YES;
				CLANG_WARN_DIRECT_OBJC_ISA_USAGE = YES_ERROR;
				CLANG_WARN_DOCUMENTATION_COMMENTS = YES;
				CLANG_WARN_EMPTY_BODY = YES;
				CLANG_WARN_ENUM_CONVERSION = YES;
				CLANG_WARN_INFINITE_RECURSION = YES;
				CLANG_WARN_INT_CONVERSION = YES;
				CLANG_WARN_NON_LITERAL_NULL_CONVERSION = YES;
				CLANG_WARN_OBJC_IMPLICIT_RETAIN_SELF = YES;
				CLANG_WARN_OBJC_LITERAL_CONVERSION = YES;
				CLANG_WARN_OBJC_ROOT_CLASS = YES_ERROR;
				CLANG_WARN_QUOTED_INCLUDE_IN_FRAMEWORK_HEADER = YES;
				CLANG_WARN_RANGE_LOOP_ANALYSIS = YES;
				CLANG_WARN_STRICT_PROTOTYPES = YES;
				CLANG_WARN_SUSPICIOUS_MOVE = YES;
				CLANG_WARN_UNGUARDED_AVAILABILITY = YES_AGGRESSIVE;
				CLANG_WARN_UNREACHABLE_CODE = YES;
				CLANG_WARN__DUPLICATE_METHOD_MATCH = YES;
				COPY_PHASE_STRIP = NO;
				DEBUG_INFORMATION_FORMAT = "dwarf-with-dsym";
				ENABLE_NS_ASSERTIONS = NO;
				ENABLE_STRICT_OBJC_MSGSEND = YES;
				GCC_C_LANGUAGE_STANDARD = gnu11;
				GCC_NO_COMMON_BLOCKS = YES;
				GCC_WARN_64_TO_32_BIT_CONVERSION = YES;
				GCC_WARN_ABOUT_RETURN_TYPE = YES_ERROR;
				GCC_WARN_UNDECLARED_SELECTOR = YES;
				GCC_WARN_UNINITIALIZED_AUTOS = YES_AGGRESSIVE;
				GCC_WARN_UNUSED_FUNCTION = YES;
				GCC_WARN_UNUSED_VARIABLE = YES;
				IPHONEOS_DEPLOYMENT_TARGET = 14.2;
				MTL_ENABLE_DEBUG_INFO = NO;
				MTL_FAST_MATH = YES;
				SDKROOT = iphoneos;
				SWIFT_COMPILATION_MODE = wholemodule;
				SWIFT_OPTIMIZATION_LEVEL = "-O";
				VALIDATE_PRODUCT = YES;
			};
			name = Release;
		};
		BB7415962578CD64000FD3EF /* Debug */ = {
			isa = XCBuildConfiguration;
			buildSettings = {
				ASSETCATALOG_COMPILER_APPICON_NAME = AppIcon;
				ASSETCATALOG_COMPILER_GLOBAL_ACCENT_COLOR_NAME = AccentColor;
				CODE_SIGN_ENTITLEMENTS = HackerNews/HackerNews.entitlements;
				"CODE_SIGN_IDENTITY[sdk=macosx*]" = "Apple Development";
				CODE_SIGN_STYLE = Automatic;
				DEVELOPMENT_ASSET_PATHS = "\"HackerNews/Preview Content\"";
				DEVELOPMENT_TEAM = SJCTW9K775;
				ENABLE_PREVIEWS = YES;
				INFOPLIST_FILE = HackerNews/Info.plist;
				LD_RUNPATH_SEARCH_PATHS = (
					"$(inherited)",
					"@executable_path/Frameworks",
				);
				PRODUCT_BUNDLE_IDENTIFIER = vip.bingxiong;
				PRODUCT_NAME = "$(TARGET_NAME)";
				SUPPORTS_MACCATALYST = YES;
				SWIFT_VERSION = 5.0;
				TARGETED_DEVICE_FAMILY = "1,2";
			};
			name = Debug;
		};
		BB7415972578CD64000FD3EF /* Release */ = {
			isa = XCBuildConfiguration;
			buildSettings = {
				ASSETCATALOG_COMPILER_APPICON_NAME = AppIcon;
				ASSETCATALOG_COMPILER_GLOBAL_ACCENT_COLOR_NAME = AccentColor;
				CODE_SIGN_ENTITLEMENTS = HackerNews/HackerNews.entitlements;
				"CODE_SIGN_IDENTITY[sdk=macosx*]" = "Apple Development";
				CODE_SIGN_STYLE = Automatic;
				DEVELOPMENT_ASSET_PATHS = "\"HackerNews/Preview Content\"";
				DEVELOPMENT_TEAM = SJCTW9K775;
				ENABLE_PREVIEWS = YES;
				INFOPLIST_FILE = HackerNews/Info.plist;
				LD_RUNPATH_SEARCH_PATHS = (
					"$(inherited)",
					"@executable_path/Frameworks",
				);
				PRODUCT_BUNDLE_IDENTIFIER = vip.bingxiong;
				PRODUCT_NAME = "$(TARGET_NAME)";
				SUPPORTS_MACCATALYST = YES;
				SWIFT_VERSION = 5.0;
				TARGETED_DEVICE_FAMILY = "1,2";
			};
			name = Release;
		};
/* End XCBuildConfiguration section */

/* Begin XCConfigurationList section */
		BB74157C2578CD62000FD3EF /* Build configuration list for PBXProject "HackerNews" */ = {
			isa = XCConfigurationList;
			buildConfigurations = (
				BB7415932578CD64000FD3EF /* Debug */,
				BB7415942578CD64000FD3EF /* Release */,
			);
			defaultConfigurationIsVisible = 0;
			defaultConfigurationName = Release;
		};
		BB7415952578CD64000FD3EF /* Build configuration list for PBXNativeTarget "HackerNews" */ = {
			isa = XCConfigurationList;
			buildConfigurations = (
				BB7415962578CD64000FD3EF /* Debug */,
				BB7415972578CD64000FD3EF /* Release */,
			);
			defaultConfigurationIsVisible = 0;
			defaultConfigurationName = Release;
		};
/* End XCConfigurationList section */
	};
	rootObject = BB7415792578CD62000FD3EF /* Project object */;
}
